// !$*UTF8*$!
{
	archiveVersion = 1;
	classes = {
	};
	objectVersion = 77;
	objects = {

/* Begin PBXBuildFile section */
		CEC24A142DE60D9700D5C388 /* AppDelegate.swift in Sources */ = {isa = PBXBuildFile; fileRef = CEC249F92DE60D9700D5C388 /* AppDelegate.swift */; };
		CEC24A152DE60D9700D5C388 /* SceneDelegate.swift in Sources */ = {isa = PBXBuildFile; fileRef = CEC249FA2DE60D9700D5C388 /* SceneDelegate.swift */; };
		CEC24A162DE60D9700D5C388 /* Extension+UIview.swift in Sources */ = {isa = PBXBuildFile; fileRef = CEC249FD2DE60D9700D5C388 /* Extension+UIview.swift */; };
		CEC24A172DE60D9700D5C388 /* TabBarController.swift in Sources */ = {isa = PBXBuildFile; fileRef = CEC249FF2DE60D9700D5C388 /* TabBarController.swift */; };
		CEC24A182DE60D9700D5C388 /* QuizzBrain.swift in Sources */ = {isa = PBXBuildFile; fileRef = CEC24A012DE60D9700D5C388 /* QuizzBrain.swift */; };
		CEC24A192DE60D9700D5C388 /* QuizzModel.swift in Sources */ = {isa = PBXBuildFile; fileRef = CEC24A022DE60D9700D5C388 /* QuizzModel.swift */; };
		CEC24A1A2DE60D9700D5C388 /* QuizzViewController.swift in Sources */ = {isa = PBXBuildFile; fileRef = CEC24A032DE60D9700D5C388 /* QuizzViewController.swift */; };
		CEC24A1B2DE60D9700D5C388 /* QuizzMainViewController.swift in Sources */ = {isa = PBXBuildFile; fileRef = CEC24A052DE60D9700D5C388 /* QuizzMainViewController.swift */; };
		CEC24A1C2DE60D9700D5C388 /* TileModel.swift in Sources */ = {isa = PBXBuildFile; fileRef = CEC24A082DE60D9700D5C388 /* TileModel.swift */; };
		CEC24A1D2DE60D9700D5C388 /* TileViewController.swift in Sources */ = {isa = PBXBuildFile; fileRef = CEC24A092DE60D9700D5C388 /* TileViewController.swift */; };
		CEC24A1E2DE60D9700D5C388 /* Assets.xcassets in Resources */ = {isa = PBXBuildFile; fileRef = CEC249FC2DE60D9700D5C388 /* Assets.xcassets */; };
		CEC24A1F2DE60D9700D5C388 /* LaunchScreen.storyboard in Resources */ = {isa = PBXBuildFile; fileRef = CEC24A0D2DE60D9700D5C388 /* LaunchScreen.storyboard */; };
		CEC24A212DE60D9700D5C388 /* QuizzStoryboard.storyboard in Resources */ = {isa = PBXBuildFile; fileRef = CEC24A0F2DE60D9700D5C388 /* QuizzStoryboard.storyboard */; };
		CEC24A222DE60D9700D5C388 /* TileStoryboard.storyboard in Resources */ = {isa = PBXBuildFile; fileRef = CEC24A102DE60D9700D5C388 /* TileStoryboard.storyboard */; };
		CEC24A272DE612B100D5C388 /* LoginScene.storyboard in Resources */ = {isa = PBXBuildFile; fileRef = CEC24A262DE612B100D5C388 /* LoginScene.storyboard */; };
		CEC24A292DE612D600D5C388 /* LoginViewController.swift in Sources */ = {isa = PBXBuildFile; fileRef = CEC24A282DE612D600D5C388 /* LoginViewController.swift */; };
		CEC24A2C2DE6146F00D5C388 /* HomeScene.storyboard in Resources */ = {isa = PBXBuildFile; fileRef = CEC24A2B2DE6146F00D5C388 /* HomeScene.storyboard */; };
		CEC24A2E2DE6148500D5C388 /* HomeViewController.swift in Sources */ = {isa = PBXBuildFile; fileRef = CEC24A2D2DE6148500D5C388 /* HomeViewController.swift */; };
		CEC24A312DE63D7A00D5C388 /* TabBarController.storyboard in Resources */ = {isa = PBXBuildFile; fileRef = CEC24A302DE63D7A00D5C388 /* TabBarController.storyboard */; };
		CEC24A4A2DE75FCE00D5C388 /* Poppins-Bold.ttf in Resources */ = {isa = PBXBuildFile; fileRef = CEC24A462DE75FCE00D5C388 /* Poppins-Bold.ttf */; };
		CEC24A4B2DE75FCE00D5C388 /* Poppins-Regular.ttf in Resources */ = {isa = PBXBuildFile; fileRef = CEC24A482DE75FCE00D5C388 /* Poppins-Regular.ttf */; };
		CEC24A4C2DE75FCE00D5C388 /* Poppins-SemiBold.ttf in Resources */ = {isa = PBXBuildFile; fileRef = CEC24A492DE75FCE00D5C388 /* Poppins-SemiBold.ttf */; };
		CEC24A4D2DE75FCE00D5C388 /* Poppins-Medium.ttf in Resources */ = {isa = PBXBuildFile; fileRef = CEC24A472DE75FCE00D5C388 /* Poppins-Medium.ttf */; };
		CEC24A4F2DE7616600D5C388 /* Font.swift in Sources */ = {isa = PBXBuildFile; fileRef = CEC24A4E2DE7616100D5C388 /* Font.swift */; };
		CEC24A522DE7699000D5C388 /* Router.swift in Sources */ = {isa = PBXBuildFile; fileRef = CEC24A512DE7698E00D5C388 /* Router.swift */; };
		CEC24A542DE77AEB00D5C388 /* RootTabBarView.swift in Sources */ = {isa = PBXBuildFile; fileRef = CEC24A532DE77AE300D5C388 /* RootTabBarView.swift */; };
		CEC24A562DE77B2200D5C388 /* RootTabBarItem.swift in Sources */ = {isa = PBXBuildFile; fileRef = CEC24A552DE77B1C00D5C388 /* RootTabBarItem.swift */; };
		CEC24A752DE79D4D00D5C388 /* Constants.swift in Sources */ = {isa = PBXBuildFile; fileRef = CEC24A742DE79D4800D5C388 /* Constants.swift */; };
/* End PBXBuildFile section */

/* Begin PBXContainerItemProxy section */
		CC8D8F932DD3AFF300514E8E /* PBXContainerItemProxy */ = {
			isa = PBXContainerItemProxy;
			containerPortal = CC8D8F742DD3AFF200514E8E /* Project object */;
			proxyType = 1;
			remoteGlobalIDString = CC8D8F7B2DD3AFF200514E8E;
			remoteInfo = BrainBoost;
		};
		CC8D8F9D2DD3AFF300514E8E /* PBXContainerItemProxy */ = {
			isa = PBXContainerItemProxy;
			containerPortal = CC8D8F742DD3AFF200514E8E /* Project object */;
			proxyType = 1;
			remoteGlobalIDString = CC8D8F7B2DD3AFF200514E8E;
			remoteInfo = BrainBoost;
		};
/* End PBXContainerItemProxy section */

/* Begin PBXFileReference section */
		CC8D8F7C2DD3AFF200514E8E /* BrainBoost.app */ = {isa = PBXFileReference; explicitFileType = wrapper.application; includeInIndex = 0; path = BrainBoost.app; sourceTree = BUILT_PRODUCTS_DIR; };
		CC8D8F922DD3AFF300514E8E /* BrainBoostTests.xctest */ = {isa = PBXFileReference; explicitFileType = wrapper.cfbundle; includeInIndex = 0; path = BrainBoostTests.xctest; sourceTree = BUILT_PRODUCTS_DIR; };
		CC8D8F9C2DD3AFF300514E8E /* BrainBoostUITests.xctest */ = {isa = PBXFileReference; explicitFileType = wrapper.cfbundle; includeInIndex = 0; path = BrainBoostUITests.xctest; sourceTree = BUILT_PRODUCTS_DIR; };
		CEC249F92DE60D9700D5C388 /* AppDelegate.swift */ = {isa = PBXFileReference; lastKnownFileType = sourcecode.swift; path = AppDelegate.swift; sourceTree = "<group>"; };
		CEC249FA2DE60D9700D5C388 /* SceneDelegate.swift */ = {isa = PBXFileReference; lastKnownFileType = sourcecode.swift; path = SceneDelegate.swift; sourceTree = "<group>"; };
		CEC249FC2DE60D9700D5C388 /* Assets.xcassets */ = {isa = PBXFileReference; lastKnownFileType = folder.assetcatalog; path = Assets.xcassets; sourceTree = "<group>"; };
		CEC249FD2DE60D9700D5C388 /* Extension+UIview.swift */ = {isa = PBXFileReference; lastKnownFileType = sourcecode.swift; path = "Extension+UIview.swift"; sourceTree = "<group>"; };
		CEC249FF2DE60D9700D5C388 /* TabBarController.swift */ = {isa = PBXFileReference; lastKnownFileType = sourcecode.swift; path = TabBarController.swift; sourceTree = "<group>"; };
		CEC24A012DE60D9700D5C388 /* QuizzBrain.swift */ = {isa = PBXFileReference; lastKnownFileType = sourcecode.swift; path = QuizzBrain.swift; sourceTree = "<group>"; };
		CEC24A022DE60D9700D5C388 /* QuizzModel.swift */ = {isa = PBXFileReference; lastKnownFileType = sourcecode.swift; path = QuizzModel.swift; sourceTree = "<group>"; };
		CEC24A032DE60D9700D5C388 /* QuizzViewController.swift */ = {isa = PBXFileReference; lastKnownFileType = sourcecode.swift; path = QuizzViewController.swift; sourceTree = "<group>"; };
		CEC24A052DE60D9700D5C388 /* QuizzMainViewController.swift */ = {isa = PBXFileReference; lastKnownFileType = sourcecode.swift; path = QuizzMainViewController.swift; sourceTree = "<group>"; };
		CEC24A082DE60D9700D5C388 /* TileModel.swift */ = {isa = PBXFileReference; lastKnownFileType = sourcecode.swift; path = TileModel.swift; sourceTree = "<group>"; };
		CEC24A092DE60D9700D5C388 /* TileViewController.swift */ = {isa = PBXFileReference; lastKnownFileType = sourcecode.swift; path = TileViewController.swift; sourceTree = "<group>"; };
		CEC24A0C2DE60D9700D5C388 /* Base */ = {isa = PBXFileReference; lastKnownFileType = file.storyboard; name = Base; path = Base.lproj/LaunchScreen.storyboard; sourceTree = "<group>"; };
		CEC24A0F2DE60D9700D5C388 /* QuizzStoryboard.storyboard */ = {isa = PBXFileReference; lastKnownFileType = file.storyboard; path = QuizzStoryboard.storyboard; sourceTree = "<group>"; };
		CEC24A102DE60D9700D5C388 /* TileStoryboard.storyboard */ = {isa = PBXFileReference; lastKnownFileType = file.storyboard; path = TileStoryboard.storyboard; sourceTree = "<group>"; };
		CEC24A122DE60D9700D5C388 /* Info.plist */ = {isa = PBXFileReference; lastKnownFileType = text.plist.xml; path = Info.plist; sourceTree = "<group>"; };
		CEC24A262DE612B100D5C388 /* LoginScene.storyboard */ = {isa = PBXFileReference; lastKnownFileType = file.storyboard; path = LoginScene.storyboard; sourceTree = "<group>"; };
		CEC24A282DE612D600D5C388 /* LoginViewController.swift */ = {isa = PBXFileReference; lastKnownFileType = sourcecode.swift; path = LoginViewController.swift; sourceTree = "<group>"; };
		CEC24A2B2DE6146F00D5C388 /* HomeScene.storyboard */ = {isa = PBXFileReference; lastKnownFileType = file.storyboard; path = HomeScene.storyboard; sourceTree = "<group>"; };
		CEC24A2D2DE6148500D5C388 /* HomeViewController.swift */ = {isa = PBXFileReference; lastKnownFileType = sourcecode.swift; path = HomeViewController.swift; sourceTree = "<group>"; };
		CEC24A302DE63D7A00D5C388 /* TabBarController.storyboard */ = {isa = PBXFileReference; lastKnownFileType = file.storyboard; path = TabBarController.storyboard; sourceTree = "<group>"; };
		CEC24A462DE75FCE00D5C388 /* Poppins-Bold.ttf */ = {isa = PBXFileReference; lastKnownFileType = file; path = "Poppins-Bold.ttf"; sourceTree = "<group>"; };
		CEC24A472DE75FCE00D5C388 /* Poppins-Medium.ttf */ = {isa = PBXFileReference; lastKnownFileType = file; path = "Poppins-Medium.ttf"; sourceTree = "<group>"; };
		CEC24A482DE75FCE00D5C388 /* Poppins-Regular.ttf */ = {isa = PBXFileReference; lastKnownFileType = file; path = "Poppins-Regular.ttf"; sourceTree = "<group>"; };
		CEC24A492DE75FCE00D5C388 /* Poppins-SemiBold.ttf */ = {isa = PBXFileReference; lastKnownFileType = file; path = "Poppins-SemiBold.ttf"; sourceTree = "<group>"; };
		CEC24A4E2DE7616100D5C388 /* Font.swift */ = {isa = PBXFileReference; lastKnownFileType = sourcecode.swift; path = Font.swift; sourceTree = "<group>"; };
		CEC24A512DE7698E00D5C388 /* Router.swift */ = {isa = PBXFileReference; lastKnownFileType = sourcecode.swift; path = Router.swift; sourceTree = "<group>"; };
		CEC24A532DE77AE300D5C388 /* RootTabBarView.swift */ = {isa = PBXFileReference; lastKnownFileType = sourcecode.swift; path = RootTabBarView.swift; sourceTree = "<group>"; };
		CEC24A552DE77B1C00D5C388 /* RootTabBarItem.swift */ = {isa = PBXFileReference; lastKnownFileType = sourcecode.swift; path = RootTabBarItem.swift; sourceTree = "<group>"; };
		CEC24A742DE79D4800D5C388 /* Constants.swift */ = {isa = PBXFileReference; lastKnownFileType = sourcecode.swift; path = Constants.swift; sourceTree = "<group>"; };
/* End PBXFileReference section */

/* Begin PBXFileSystemSynchronizedRootGroup section */
		CC8D8F952DD3AFF300514E8E /* BrainBoostTests */ = {
			isa = PBXFileSystemSynchronizedRootGroup;
			path = BrainBoostTests;
			sourceTree = "<group>";
		};
		CC8D8F9F2DD3AFF300514E8E /* BrainBoostUITests */ = {
			isa = PBXFileSystemSynchronizedRootGroup;
			path = BrainBoostUITests;
			sourceTree = "<group>";
		};
/* End PBXFileSystemSynchronizedRootGroup section */

/* Begin PBXFrameworksBuildPhase section */
		CC8D8F792DD3AFF200514E8E /* Frameworks */ = {
			isa = PBXFrameworksBuildPhase;
			buildActionMask = 2147483647;
			files = (
			);
			runOnlyForDeploymentPostprocessing = 0;
		};
		CC8D8F8F2DD3AFF300514E8E /* Frameworks */ = {
			isa = PBXFrameworksBuildPhase;
			buildActionMask = 2147483647;
			files = (
			);
			runOnlyForDeploymentPostprocessing = 0;
		};
		CC8D8F992DD3AFF300514E8E /* Frameworks */ = {
			isa = PBXFrameworksBuildPhase;
			buildActionMask = 2147483647;
			files = (
			);
			runOnlyForDeploymentPostprocessing = 0;
		};
/* End PBXFrameworksBuildPhase section */

/* Begin PBXGroup section */
		CC8D8F732DD3AFF200514E8E = {
			isa = PBXGroup;
			children = (
				CEC24A132DE60D9700D5C388 /* BrainBoost */,
				CC8D8F952DD3AFF300514E8E /* BrainBoostTests */,
				CC8D8F9F2DD3AFF300514E8E /* BrainBoostUITests */,
				CC8D8F7D2DD3AFF200514E8E /* Products */,
			);
			sourceTree = "<group>";
		};
		CC8D8F7D2DD3AFF200514E8E /* Products */ = {
			isa = PBXGroup;
			children = (
				CC8D8F7C2DD3AFF200514E8E /* BrainBoost.app */,
				CC8D8F922DD3AFF300514E8E /* BrainBoostTests.xctest */,
				CC8D8F9C2DD3AFF300514E8E /* BrainBoostUITests.xctest */,
			);
			name = Products;
			sourceTree = "<group>";
		};
		CEC249FB2DE60D9700D5C388 /* App */ = {
			isa = PBXGroup;
			children = (
				CEC249F92DE60D9700D5C388 /* AppDelegate.swift */,
				CEC249FA2DE60D9700D5C388 /* SceneDelegate.swift */,
				CEC24A512DE7698E00D5C388 /* Router.swift */,
				CEC24A742DE79D4800D5C388 /* Constants.swift */,
			);
			path = App;
			sourceTree = "<group>";
		};
		CEC249FE2DE60D9700D5C388 /* Resources */ = {
			isa = PBXGroup;
			children = (
				CEC249FC2DE60D9700D5C388 /* Assets.xcassets */,
				CEC24A442DE75D4E00D5C388 /* Font */,
			);
			path = Resources;
			sourceTree = "<group>";
		};
		CEC24A042DE60D9700D5C388 /* QuizzGame */ = {
			isa = PBXGroup;
			children = (
				CEC24A012DE60D9700D5C388 /* QuizzBrain.swift */,
				CEC24A022DE60D9700D5C388 /* QuizzModel.swift */,
				CEC24A032DE60D9700D5C388 /* QuizzViewController.swift */,
			);
			path = QuizzGame;
			sourceTree = "<group>";
		};
		CEC24A062DE60D9700D5C388 /* QuizzMain */ = {
			isa = PBXGroup;
			children = (
				CEC24A052DE60D9700D5C388 /* QuizzMainViewController.swift */,
			);
			path = QuizzMain;
			sourceTree = "<group>";
		};
		CEC24A072DE60D9700D5C388 /* QuizzScene */ = {
			isa = PBXGroup;
			children = (
				CEC24A0F2DE60D9700D5C388 /* QuizzStoryboard.storyboard */,
				CEC24A042DE60D9700D5C388 /* QuizzGame */,
				CEC24A062DE60D9700D5C388 /* QuizzMain */,
			);
			path = QuizzScene;
			sourceTree = "<group>";
		};
		CEC24A0A2DE60D9700D5C388 /* TileScene */ = {
			isa = PBXGroup;
			children = (
				CEC24A102DE60D9700D5C388 /* TileStoryboard.storyboard */,
				CEC24A092DE60D9700D5C388 /* TileViewController.swift */,
				CEC24A082DE60D9700D5C388 /* TileModel.swift */,
			);
			path = TileScene;
			sourceTree = "<group>";
		};
		CEC24A0B2DE60D9700D5C388 /* Scenes */ = {
			isa = PBXGroup;
			children = (
				CEC24A252DE6126600D5C388 /* LoginScene */,
				CEC24A2F2DE63D4A00D5C388 /* TabBarController */,
				CEC24A2A2DE6145400D5C388 /* HomeScene */,
				CEC24A072DE60D9700D5C388 /* QuizzScene */,
				CEC24A0A2DE60D9700D5C388 /* TileScene */,
			);
			path = Scenes;
			sourceTree = "<group>";
		};
		CEC24A112DE60D9700D5C388 /* Storyboards */ = {
			isa = PBXGroup;
			children = (
				CEC24A0D2DE60D9700D5C388 /* LaunchScreen.storyboard */,
			);
			path = Storyboards;
			sourceTree = "<group>";
		};
		CEC24A132DE60D9700D5C388 /* BrainBoost */ = {
			isa = PBXGroup;
			children = (
				CEC249FB2DE60D9700D5C388 /* App */,
				CEC24A112DE60D9700D5C388 /* Storyboards */,
				CEC24A0B2DE60D9700D5C388 /* Scenes */,
				CEC24A242DE60DED00D5C388 /* Extensions */,
				CEC249FE2DE60D9700D5C388 /* Resources */,
				CEC24A502DE7680B00D5C388 /* Configuration */,
			);
			path = BrainBoost;
			sourceTree = "<group>";
		};
		CEC24A242DE60DED00D5C388 /* Extensions */ = {
			isa = PBXGroup;
			children = (
				CEC249FD2DE60D9700D5C388 /* Extension+UIview.swift */,
			);
			path = Extensions;
			sourceTree = "<group>";
		};
		CEC24A252DE6126600D5C388 /* LoginScene */ = {
			isa = PBXGroup;
			children = (
				CEC24A262DE612B100D5C388 /* LoginScene.storyboard */,
				CEC24A282DE612D600D5C388 /* LoginViewController.swift */,
			);
			path = LoginScene;
			sourceTree = "<group>";
		};
		CEC24A2A2DE6145400D5C388 /* HomeScene */ = {
			isa = PBXGroup;
			children = (
				CEC24A2B2DE6146F00D5C388 /* HomeScene.storyboard */,
				CEC24A2D2DE6148500D5C388 /* HomeViewController.swift */,
			);
			path = HomeScene;
			sourceTree = "<group>";
		};
		CEC24A2F2DE63D4A00D5C388 /* TabBarController */ = {
			isa = PBXGroup;
			children = (
				CEC24A302DE63D7A00D5C388 /* TabBarController.storyboard */,
				CEC249FF2DE60D9700D5C388 /* TabBarController.swift */,
				CEC24A532DE77AE300D5C388 /* RootTabBarView.swift */,
				CEC24A552DE77B1C00D5C388 /* RootTabBarItem.swift */,
			);
			path = TabBarController;
			sourceTree = "<group>";
		};
		CEC24A442DE75D4E00D5C388 /* Font */ = {
			isa = PBXGroup;
			children = (
				CEC24A4E2DE7616100D5C388 /* Font.swift */,
				CEC24A452DE75DA800D5C388 /* Fonts */,
			);
			path = Font;
			sourceTree = "<group>";
		};
		CEC24A452DE75DA800D5C388 /* Fonts */ = {
			isa = PBXGroup;
			children = (
				CEC24A462DE75FCE00D5C388 /* Poppins-Bold.ttf */,
				CEC24A472DE75FCE00D5C388 /* Poppins-Medium.ttf */,
				CEC24A482DE75FCE00D5C388 /* Poppins-Regular.ttf */,
				CEC24A492DE75FCE00D5C388 /* Poppins-SemiBold.ttf */,
			);
			path = Fonts;
			sourceTree = "<group>";
		};
		CEC24A502DE7680B00D5C388 /* Configuration */ = {
			isa = PBXGroup;
			children = (
				CEC24A122DE60D9700D5C388 /* Info.plist */,
			);
			path = Configuration;
			sourceTree = "<group>";
		};
/* End PBXGroup section */

/* Begin PBXNativeTarget section */
		CC8D8F7B2DD3AFF200514E8E /* BrainBoost */ = {
			isa = PBXNativeTarget;
			buildConfigurationList = CC8D8FA52DD3AFF300514E8E /* Build configuration list for PBXNativeTarget "BrainBoost" */;
			buildPhases = (
				CC8D8F782DD3AFF200514E8E /* Sources */,
				CC8D8F792DD3AFF200514E8E /* Frameworks */,
				CC8D8F7A2DD3AFF200514E8E /* Resources */,
			);
			buildRules = (
			);
			dependencies = (
			);
			name = BrainBoost;
			packageProductDependencies = (
			);
			productName = BrainBoost;
			productReference = CC8D8F7C2DD3AFF200514E8E /* BrainBoost.app */;
			productType = "com.apple.product-type.application";
		};
		CC8D8F912DD3AFF300514E8E /* BrainBoostTests */ = {
			isa = PBXNativeTarget;
			buildConfigurationList = CC8D8FAA2DD3AFF300514E8E /* Build configuration list for PBXNativeTarget "BrainBoostTests" */;
			buildPhases = (
				CC8D8F8E2DD3AFF300514E8E /* Sources */,
				CC8D8F8F2DD3AFF300514E8E /* Frameworks */,
				CC8D8F902DD3AFF300514E8E /* Resources */,
			);
			buildRules = (
			);
			dependencies = (
				CC8D8F942DD3AFF300514E8E /* PBXTargetDependency */,
			);
			fileSystemSynchronizedGroups = (
				CC8D8F952DD3AFF300514E8E /* BrainBoostTests */,
			);
			name = BrainBoostTests;
			packageProductDependencies = (
			);
			productName = BrainBoostTests;
			productReference = CC8D8F922DD3AFF300514E8E /* BrainBoostTests.xctest */;
			productType = "com.apple.product-type.bundle.unit-test";
		};
		CC8D8F9B2DD3AFF300514E8E /* BrainBoostUITests */ = {
			isa = PBXNativeTarget;
			buildConfigurationList = CC8D8FAD2DD3AFF300514E8E /* Build configuration list for PBXNativeTarget "BrainBoostUITests" */;
			buildPhases = (
				CC8D8F982DD3AFF300514E8E /* Sources */,
				CC8D8F992DD3AFF300514E8E /* Frameworks */,
				CC8D8F9A2DD3AFF300514E8E /* Resources */,
			);
			buildRules = (
			);
			dependencies = (
				CC8D8F9E2DD3AFF300514E8E /* PBXTargetDependency */,
			);
			fileSystemSynchronizedGroups = (
				CC8D8F9F2DD3AFF300514E8E /* BrainBoostUITests */,
			);
			name = BrainBoostUITests;
			packageProductDependencies = (
			);
			productName = BrainBoostUITests;
			productReference = CC8D8F9C2DD3AFF300514E8E /* BrainBoostUITests.xctest */;
			productType = "com.apple.product-type.bundle.ui-testing";
		};
/* End PBXNativeTarget section */

/* Begin PBXProject section */
		CC8D8F742DD3AFF200514E8E /* Project object */ = {
			isa = PBXProject;
			attributes = {
				BuildIndependentTargetsInParallel = 1;
				LastSwiftUpdateCheck = 1620;
				LastUpgradeCheck = 1620;
				TargetAttributes = {
					CC8D8F7B2DD3AFF200514E8E = {
						CreatedOnToolsVersion = 16.2;
					};
					CC8D8F912DD3AFF300514E8E = {
						CreatedOnToolsVersion = 16.2;
						TestTargetID = CC8D8F7B2DD3AFF200514E8E;
					};
					CC8D8F9B2DD3AFF300514E8E = {
						CreatedOnToolsVersion = 16.2;
						TestTargetID = CC8D8F7B2DD3AFF200514E8E;
					};
				};
			};
			buildConfigurationList = CC8D8F772DD3AFF200514E8E /* Build configuration list for PBXProject "BrainBoost" */;
			developmentRegion = en;
			hasScannedForEncodings = 0;
			knownRegions = (
				en,
				Base,
			);
			mainGroup = CC8D8F732DD3AFF200514E8E;
			minimizedProjectReferenceProxies = 1;
			preferredProjectObjectVersion = 77;
			productRefGroup = CC8D8F7D2DD3AFF200514E8E /* Products */;
			projectDirPath = "";
			projectRoot = "";
			targets = (
				CC8D8F7B2DD3AFF200514E8E /* BrainBoost */,
				CC8D8F912DD3AFF300514E8E /* BrainBoostTests */,
				CC8D8F9B2DD3AFF300514E8E /* BrainBoostUITests */,
			);
		};
/* End PBXProject section */

/* Begin PBXResourcesBuildPhase section */
		CC8D8F7A2DD3AFF200514E8E /* Resources */ = {
			isa = PBXResourcesBuildPhase;
			buildActionMask = 2147483647;
			files = (
				CEC24A312DE63D7A00D5C388 /* TabBarController.storyboard in Resources */,
				CEC24A1E2DE60D9700D5C388 /* Assets.xcassets in Resources */,
				CEC24A1F2DE60D9700D5C388 /* LaunchScreen.storyboard in Resources */,
				CEC24A212DE60D9700D5C388 /* QuizzStoryboard.storyboard in Resources */,
				CEC24A4A2DE75FCE00D5C388 /* Poppins-Bold.ttf in Resources */,
				CEC24A4B2DE75FCE00D5C388 /* Poppins-Regular.ttf in Resources */,
				CEC24A4C2DE75FCE00D5C388 /* Poppins-SemiBold.ttf in Resources */,
				CEC24A4D2DE75FCE00D5C388 /* Poppins-Medium.ttf in Resources */,
				CEC24A2C2DE6146F00D5C388 /* HomeScene.storyboard in Resources */,
				CEC24A222DE60D9700D5C388 /* TileStoryboard.storyboard in Resources */,
				CEC24A272DE612B100D5C388 /* LoginScene.storyboard in Resources */,
			);
			runOnlyForDeploymentPostprocessing = 0;
		};
		CC8D8F902DD3AFF300514E8E /* Resources */ = {
			isa = PBXResourcesBuildPhase;
			buildActionMask = 2147483647;
			files = (
			);
			runOnlyForDeploymentPostprocessing = 0;
		};
		CC8D8F9A2DD3AFF300514E8E /* Resources */ = {
			isa = PBXResourcesBuildPhase;
			buildActionMask = 2147483647;
			files = (
			);
			runOnlyForDeploymentPostprocessing = 0;
		};
/* End PBXResourcesBuildPhase section */

/* Begin PBXSourcesBuildPhase section */
		CC8D8F782DD3AFF200514E8E /* Sources */ = {
			isa = PBXSourcesBuildPhase;
			buildActionMask = 2147483647;
			files = (
				CEC24A142DE60D9700D5C388 /* AppDelegate.swift in Sources */,
				CEC24A752DE79D4D00D5C388 /* Constants.swift in Sources */,
				CEC24A152DE60D9700D5C388 /* SceneDelegate.swift in Sources */,
				CEC24A162DE60D9700D5C388 /* Extension+UIview.swift in Sources */,
				CEC24A172DE60D9700D5C388 /* TabBarController.swift in Sources */,
				CEC24A182DE60D9700D5C388 /* QuizzBrain.swift in Sources */,
				CEC24A192DE60D9700D5C388 /* QuizzModel.swift in Sources */,
				CEC24A1A2DE60D9700D5C388 /* QuizzViewController.swift in Sources */,
				CEC24A4F2DE7616600D5C388 /* Font.swift in Sources */,
				CEC24A1B2DE60D9700D5C388 /* QuizzMainViewController.swift in Sources */,
				CEC24A1C2DE60D9700D5C388 /* TileModel.swift in Sources */,
				CEC24A522DE7699000D5C388 /* Router.swift in Sources */,
				CEC24A542DE77AEB00D5C388 /* RootTabBarView.swift in Sources */,
				CEC24A1D2DE60D9700D5C388 /* TileViewController.swift in Sources */,
				CEC24A292DE612D600D5C388 /* LoginViewController.swift in Sources */,
				CEC24A562DE77B2200D5C388 /* RootTabBarItem.swift in Sources */,
				CEC24A2E2DE6148500D5C388 /* HomeViewController.swift in Sources */,
			);
			runOnlyForDeploymentPostprocessing = 0;
		};
		CC8D8F8E2DD3AFF300514E8E /* Sources */ = {
			isa = PBXSourcesBuildPhase;
			buildActionMask = 2147483647;
			files = (
			);
			runOnlyForDeploymentPostprocessing = 0;
		};
		CC8D8F982DD3AFF300514E8E /* Sources */ = {
			isa = PBXSourcesBuildPhase;
			buildActionMask = 2147483647;
			files = (
			);
			runOnlyForDeploymentPostprocessing = 0;
		};
/* End PBXSourcesBuildPhase section */

/* Begin PBXTargetDependency section */
		CC8D8F942DD3AFF300514E8E /* PBXTargetDependency */ = {
			isa = PBXTargetDependency;
			target = CC8D8F7B2DD3AFF200514E8E /* BrainBoost */;
			targetProxy = CC8D8F932DD3AFF300514E8E /* PBXContainerItemProxy */;
		};
		CC8D8F9E2DD3AFF300514E8E /* PBXTargetDependency */ = {
			isa = PBXTargetDependency;
			target = CC8D8F7B2DD3AFF200514E8E /* BrainBoost */;
			targetProxy = CC8D8F9D2DD3AFF300514E8E /* PBXContainerItemProxy */;
		};
/* End PBXTargetDependency section */

/* Begin PBXVariantGroup section */
		CEC24A0D2DE60D9700D5C388 /* LaunchScreen.storyboard */ = {
			isa = PBXVariantGroup;
			children = (
				CEC24A0C2DE60D9700D5C388 /* Base */,
			);
			name = LaunchScreen.storyboard;
			sourceTree = "<group>";
		};
/* End PBXVariantGroup section */

/* Begin XCBuildConfiguration section */
		CC8D8FA62DD3AFF300514E8E /* Debug */ = {
			isa = XCBuildConfiguration;
			buildSettings = {
				ASSETCATALOG_COMPILER_APPICON_NAME = AppIcon;
				ASSETCATALOG_COMPILER_GLOBAL_ACCENT_COLOR_NAME = AccentColor;
				CODE_SIGN_IDENTITY = "Apple Development";
				CODE_SIGN_STYLE = Automatic;
				CURRENT_PROJECT_VERSION = 1;
				DEVELOPMENT_TEAM = "";
				GENERATE_INFOPLIST_FILE = YES;
				INFOPLIST_FILE = BrainBoost/Configuration/Info.plist;
				INFOPLIST_KEY_UIApplicationSupportsIndirectInputEvents = YES;
				INFOPLIST_KEY_UILaunchStoryboardName = LaunchScreen;
				INFOPLIST_KEY_UIMainStoryboardFile = LoginScene;
				INFOPLIST_KEY_UISupportedInterfaceOrientations = "UIInterfaceOrientationLandscapeLeft UIInterfaceOrientationPortrait";
				INFOPLIST_KEY_UISupportedInterfaceOrientations_iPad = "UIInterfaceOrientationLandscapeLeft UIInterfaceOrientationLandscapeRight UIInterfaceOrientationPortrait UIInterfaceOrientationPortraitUpsideDown";
				IPHONEOS_DEPLOYMENT_TARGET = 17.6;
				LD_RUNPATH_SEARCH_PATHS = (
					"$(inherited)",
					"@executable_path/Frameworks",
				);
				MARKETING_VERSION = 1.0;
				PRODUCT_BUNDLE_IDENTIFIER = "-.BrainBoost";
				PRODUCT_NAME = "$(TARGET_NAME)";
				PROVISIONING_PROFILE_SPECIFIER = "";
				SUPPORTED_PLATFORMS = "iphoneos iphonesimulator";
				SUPPORTS_MACCATALYST = NO;
				SUPPORTS_MAC_DESIGNED_FOR_IPHONE_IPAD = NO;
				SUPPORTS_XR_DESIGNED_FOR_IPHONE_IPAD = NO;
				SWIFT_EMIT_LOC_STRINGS = YES;
				SWIFT_VERSION = 5.0;
				TARGETED_DEVICE_FAMILY = 1;
			};
			name = Debug;
		};
		CC8D8FA72DD3AFF300514E8E /* Release */ = {
			isa = XCBuildConfiguration;
			buildSettings = {
				ASSETCATALOG_COMPILER_APPICON_NAME = AppIcon;
				ASSETCATALOG_COMPILER_GLOBAL_ACCENT_COLOR_NAME = AccentColor;
				CODE_SIGN_IDENTITY = "Apple Development";
				CODE_SIGN_STYLE = Automatic;
				CURRENT_PROJECT_VERSION = 1;
				DEVELOPMENT_TEAM = "";
				GENERATE_INFOPLIST_FILE = YES;
				INFOPLIST_FILE = BrainBoost/Configuration/Info.plist;
				INFOPLIST_KEY_UIApplicationSupportsIndirectInputEvents = YES;
				INFOPLIST_KEY_UILaunchStoryboardName = LaunchScreen;
				INFOPLIST_KEY_UIMainStoryboardFile = LoginScene;
				INFOPLIST_KEY_UISupportedInterfaceOrientations = "UIInterfaceOrientationLandscapeLeft UIInterfaceOrientationPortrait";
				INFOPLIST_KEY_UISupportedInterfaceOrientations_iPad = "UIInterfaceOrientationLandscapeLeft UIInterfaceOrientationLandscapeRight UIInterfaceOrientationPortrait UIInterfaceOrientationPortraitUpsideDown";
				IPHONEOS_DEPLOYMENT_TARGET = 17.6;
				LD_RUNPATH_SEARCH_PATHS = (
					"$(inherited)",
					"@executable_path/Frameworks",
				);
				MARKETING_VERSION = 1.0;
				PRODUCT_BUNDLE_IDENTIFIER = "-.BrainBoost";
				PRODUCT_NAME = "$(TARGET_NAME)";
				PROVISIONING_PROFILE_SPECIFIER = "";
				SUPPORTED_PLATFORMS = "iphoneos iphonesimulator";
				SUPPORTS_MACCATALYST = NO;
				SUPPORTS_MAC_DESIGNED_FOR_IPHONE_IPAD = NO;
				SUPPORTS_XR_DESIGNED_FOR_IPHONE_IPAD = NO;
				SWIFT_EMIT_LOC_STRINGS = YES;
				SWIFT_VERSION = 5.0;
				TARGETED_DEVICE_FAMILY = 1;
			};
			name = Release;
		};
		CC8D8FA82DD3AFF300514E8E /* Debug */ = {
			isa = XCBuildConfiguration;
			buildSettings = {
				ALWAYS_SEARCH_USER_PATHS = NO;
				ASSETCATALOG_COMPILER_GENERATE_SWIFT_ASSET_SYMBOL_EXTENSIONS = YES;
				CLANG_ANALYZER_NONNULL = YES;
				CLANG_ANALYZER_NUMBER_OBJECT_CONVERSION = YES_AGGRESSIVE;
				CLANG_CXX_LANGUAGE_STANDARD = "gnu++20";
				CLANG_ENABLE_MODULES = YES;
				CLANG_ENABLE_OBJC_ARC = YES;
				CLANG_ENABLE_OBJC_WEAK = YES;
				CLANG_WARN_BLOCK_CAPTURE_AUTORELEASING = YES;
				CLANG_WARN_BOOL_CONVERSION = YES;
				CLANG_WARN_COMMA = YES;
				CLANG_WARN_CONSTANT_CONVERSION = YES;
				CLANG_WARN_DEPRECATED_OBJC_IMPLEMENTATIONS = YES;
				CLANG_WARN_DIRECT_OBJC_ISA_USAGE = YES_ERROR;
				CLANG_WARN_DOCUMENTATION_COMMENTS = YES;
				CLANG_WARN_EMPTY_BODY = YES;
				CLANG_WARN_ENUM_CONVERSION = YES;
				CLANG_WARN_INFINITE_RECURSION = YES;
				CLANG_WARN_INT_CONVERSION = YES;
				CLANG_WARN_NON_LITERAL_NULL_CONVERSION = YES;
				CLANG_WARN_OBJC_IMPLICIT_RETAIN_SELF = YES;
				CLANG_WARN_OBJC_LITERAL_CONVERSION = YES;
				CLANG_WARN_OBJC_ROOT_CLASS = YES_ERROR;
				CLANG_WARN_QUOTED_INCLUDE_IN_FRAMEWORK_HEADER = YES;
				CLANG_WARN_RANGE_LOOP_ANALYSIS = YES;
				CLANG_WARN_STRICT_PROTOTYPES = YES;
				CLANG_WARN_SUSPICIOUS_MOVE = YES;
				CLANG_WARN_UNGUARDED_AVAILABILITY = YES_AGGRESSIVE;
				CLANG_WARN_UNREACHABLE_CODE = YES;
				CLANG_WARN__DUPLICATE_METHOD_MATCH = YES;
				COPY_PHASE_STRIP = NO;
				DEBUG_INFORMATION_FORMAT = dwarf;
				ENABLE_STRICT_OBJC_MSGSEND = YES;
				ENABLE_TESTABILITY = YES;
				ENABLE_USER_SCRIPT_SANDBOXING = YES;
				GCC_C_LANGUAGE_STANDARD = gnu17;
				GCC_DYNAMIC_NO_PIC = NO;
				GCC_NO_COMMON_BLOCKS = YES;
				GCC_OPTIMIZATION_LEVEL = 0;
				GCC_PREPROCESSOR_DEFINITIONS = (
					"DEBUG=1",
					"$(inherited)",
				);
				GCC_WARN_64_TO_32_BIT_CONVERSION = YES;
				GCC_WARN_ABOUT_RETURN_TYPE = YES_ERROR;
				GCC_WARN_UNDECLARED_SELECTOR = YES;
				GCC_WARN_UNINITIALIZED_AUTOS = YES_AGGRESSIVE;
				GCC_WARN_UNUSED_FUNCTION = YES;
				GCC_WARN_UNUSED_VARIABLE = YES;
				IPHONEOS_DEPLOYMENT_TARGET = 18.2;
				LOCALIZATION_PREFERS_STRING_CATALOGS = YES;
				MTL_ENABLE_DEBUG_INFO = INCLUDE_SOURCE;
				MTL_FAST_MATH = YES;
				ONLY_ACTIVE_ARCH = YES;
				SDKROOT = iphoneos;
				SWIFT_ACTIVE_COMPILATION_CONDITIONS = "DEBUG $(inherited)";
				SWIFT_OPTIMIZATION_LEVEL = "-Onone";
			};
			name = Debug;
		};
		CC8D8FA92DD3AFF300514E8E /* Release */ = {
			isa = XCBuildConfiguration;
			buildSettings = {
				ALWAYS_SEARCH_USER_PATHS = NO;
				ASSETCATALOG_COMPILER_GENERATE_SWIFT_ASSET_SYMBOL_EXTENSIONS = YES;
				CLANG_ANALYZER_NONNULL = YES;
				CLANG_ANALYZER_NUMBER_OBJECT_CONVERSION = YES_AGGRESSIVE;
				CLANG_CXX_LANGUAGE_STANDARD = "gnu++20";
				CLANG_ENABLE_MODULES = YES;
				CLANG_ENABLE_OBJC_ARC = YES;
				CLANG_ENABLE_OBJC_WEAK = YES;
				CLANG_WARN_BLOCK_CAPTURE_AUTORELEASING = YES;
				CLANG_WARN_BOOL_CONVERSION = YES;
				CLANG_WARN_COMMA = YES;
				CLANG_WARN_CONSTANT_CONVERSION = YES;
				CLANG_WARN_DEPRECATED_OBJC_IMPLEMENTATIONS = YES;
				CLANG_WARN_DIRECT_OBJC_ISA_USAGE = YES_ERROR;
				CLANG_WARN_DOCUMENTATION_COMMENTS = YES;
				CLANG_WARN_EMPTY_BODY = YES;
				CLANG_WARN_ENUM_CONVERSION = YES;
				CLANG_WARN_INFINITE_RECURSION = YES;
				CLANG_WARN_INT_CONVERSION = YES;
				CLANG_WARN_NON_LITERAL_NULL_CONVERSION = YES;
				CLANG_WARN_OBJC_IMPLICIT_RETAIN_SELF = YES;
				CLANG_WARN_OBJC_LITERAL_CONVERSION = YES;
				CLANG_WARN_OBJC_ROOT_CLASS = YES_ERROR;
				CLANG_WARN_QUOTED_INCLUDE_IN_FRAMEWORK_HEADER = YES;
				CLANG_WARN_RANGE_LOOP_ANALYSIS = YES;
				CLANG_WARN_STRICT_PROTOTYPES = YES;
				CLANG_WARN_SUSPICIOUS_MOVE = YES;
				CLANG_WARN_UNGUARDED_AVAILABILITY = YES_AGGRESSIVE;
				CLANG_WARN_UNREACHABLE_CODE = YES;
				CLANG_WARN__DUPLICATE_METHOD_MATCH = YES;
				COPY_PHASE_STRIP = NO;
				DEBUG_INFORMATION_FORMAT = "dwarf-with-dsym";
				ENABLE_NS_ASSERTIONS = NO;
				ENABLE_STRICT_OBJC_MSGSEND = YES;
				ENABLE_USER_SCRIPT_SANDBOXING = YES;
				GCC_C_LANGUAGE_STANDARD = gnu17;
				GCC_NO_COMMON_BLOCKS = YES;
				GCC_WARN_64_TO_32_BIT_CONVERSION = YES;
				GCC_WARN_ABOUT_RETURN_TYPE = YES_ERROR;
				GCC_WARN_UNDECLARED_SELECTOR = YES;
				GCC_WARN_UNINITIALIZED_AUTOS = YES_AGGRESSIVE;
				GCC_WARN_UNUSED_FUNCTION = YES;
				GCC_WARN_UNUSED_VARIABLE = YES;
				IPHONEOS_DEPLOYMENT_TARGET = 18.2;
				LOCALIZATION_PREFERS_STRING_CATALOGS = YES;
				MTL_ENABLE_DEBUG_INFO = NO;
				MTL_FAST_MATH = YES;
				SDKROOT = iphoneos;
				SWIFT_COMPILATION_MODE = wholemodule;
				VALIDATE_PRODUCT = YES;
			};
			name = Release;
		};
		CC8D8FAB2DD3AFF300514E8E /* Debug */ = {
			isa = XCBuildConfiguration;
			buildSettings = {
				BUNDLE_LOADER = "$(TEST_HOST)";
				CODE_SIGN_STYLE = Automatic;
				CURRENT_PROJECT_VERSION = 1;
				DEVELOPMENT_TEAM = 3ZKD67JWT9;
				GENERATE_INFOPLIST_FILE = YES;
				IPHONEOS_DEPLOYMENT_TARGET = 18.2;
				MARKETING_VERSION = 1.0;
				PRODUCT_BUNDLE_IDENTIFIER = "-.BrainBoostTests";
				PRODUCT_NAME = "$(TARGET_NAME)";
				SWIFT_EMIT_LOC_STRINGS = NO;
				SWIFT_VERSION = 5.0;
				TARGETED_DEVICE_FAMILY = "1,2";
				TEST_HOST = "$(BUILT_PRODUCTS_DIR)/BrainBoost.app/$(BUNDLE_EXECUTABLE_FOLDER_PATH)/BrainBoost";
			};
			name = Debug;
		};
		CC8D8FAC2DD3AFF300514E8E /* Release */ = {
			isa = XCBuildConfiguration;
			buildSettings = {
				BUNDLE_LOADER = "$(TEST_HOST)";
				CODE_SIGN_STYLE = Automatic;
				CURRENT_PROJECT_VERSION = 1;
				DEVELOPMENT_TEAM = 3ZKD67JWT9;
				GENERATE_INFOPLIST_FILE = YES;
				IPHONEOS_DEPLOYMENT_TARGET = 18.2;
				MARKETING_VERSION = 1.0;
				PRODUCT_BUNDLE_IDENTIFIER = "-.BrainBoostTests";
				PRODUCT_NAME = "$(TARGET_NAME)";
				SWIFT_EMIT_LOC_STRINGS = NO;
				SWIFT_VERSION = 5.0;
				TARGETED_DEVICE_FAMILY = "1,2";
				TEST_HOST = "$(BUILT_PRODUCTS_DIR)/BrainBoost.app/$(BUNDLE_EXECUTABLE_FOLDER_PATH)/BrainBoost";
			};
			name = Release;
		};
		CC8D8FAE2DD3AFF300514E8E /* Debug */ = {
			isa = XCBuildConfiguration;
			buildSettings = {
				CODE_SIGN_STYLE = Automatic;
				CURRENT_PROJECT_VERSION = 1;
				DEVELOPMENT_TEAM = 3ZKD67JWT9;
				GENERATE_INFOPLIST_FILE = YES;
				MARKETING_VERSION = 1.0;
				PRODUCT_BUNDLE_IDENTIFIER = "-.BrainBoostUITests";
				PRODUCT_NAME = "$(TARGET_NAME)";
				SWIFT_EMIT_LOC_STRINGS = NO;
				SWIFT_VERSION = 5.0;
				TARGETED_DEVICE_FAMILY = "1,2";
				TEST_TARGET_NAME = BrainBoost;
			};
			name = Debug;
		};
		CC8D8FAF2DD3AFF300514E8E /* Release */ = {
			isa = XCBuildConfiguration;
			buildSettings = {
				CODE_SIGN_STYLE = Automatic;
				CURRENT_PROJECT_VERSION = 1;
				DEVELOPMENT_TEAM = 3ZKD67JWT9;
				GENERATE_INFOPLIST_FILE = YES;
				MARKETING_VERSION = 1.0;
				PRODUCT_BUNDLE_IDENTIFIER = "-.BrainBoostUITests";
				PRODUCT_NAME = "$(TARGET_NAME)";
				SWIFT_EMIT_LOC_STRINGS = NO;
				SWIFT_VERSION = 5.0;
				TARGETED_DEVICE_FAMILY = "1,2";
				TEST_TARGET_NAME = BrainBoost;
			};
			name = Release;
		};
/* End XCBuildConfiguration section */

/* Begin XCConfigurationList section */
		CC8D8F772DD3AFF200514E8E /* Build configuration list for PBXProject "BrainBoost" */ = {
			isa = XCConfigurationList;
			buildConfigurations = (
				CC8D8FA82DD3AFF300514E8E /* Debug */,
				CC8D8FA92DD3AFF300514E8E /* Release */,
			);
			defaultConfigurationIsVisible = 0;
			defaultConfigurationName = Release;
		};
		CC8D8FA52DD3AFF300514E8E /* Build configuration list for PBXNativeTarget "BrainBoost" */ = {
			isa = XCConfigurationList;
			buildConfigurations = (
				CC8D8FA62DD3AFF300514E8E /* Debug */,
				CC8D8FA72DD3AFF300514E8E /* Release */,
			);
			defaultConfigurationIsVisible = 0;
			defaultConfigurationName = Release;
		};
		CC8D8FAA2DD3AFF300514E8E /* Build configuration list for PBXNativeTarget "BrainBoostTests" */ = {
			isa = XCConfigurationList;
			buildConfigurations = (
				CC8D8FAB2DD3AFF300514E8E /* Debug */,
				CC8D8FAC2DD3AFF300514E8E /* Release */,
			);
			defaultConfigurationIsVisible = 0;
			defaultConfigurationName = Release;
		};
		CC8D8FAD2DD3AFF300514E8E /* Build configuration list for PBXNativeTarget "BrainBoostUITests" */ = {
			isa = XCConfigurationList;
			buildConfigurations = (
				CC8D8FAE2DD3AFF300514E8E /* Debug */,
				CC8D8FAF2DD3AFF300514E8E /* Release */,
			);
			defaultConfigurationIsVisible = 0;
			defaultConfigurationName = Release;
		};
/* End XCConfigurationList section */
	};
	rootObject = CC8D8F742DD3AFF200514E8E /* Project object */;
}
